
Microsoft Visual Studio Solution File, Format Version 12.00
# Visual Studio Version 17
VisualStudioVersion = 17.0.31919.166
MinimumVisualStudioVersion = 10.0.40219.1
Project("{9A19103F-16F7-4668-BE54-9A1E7A4F7556}") = "Day01_1", "Day01_1\Day01_1.csproj", "{17C94340-B793-4134-A36C-BFA1D1274EEA}"
EndProject
Project("{9A19103F-16F7-4668-BE54-9A1E7A4F7556}") = "Day01_2", "Day01_2\Day01_2.csproj", "{C56499C2-9074-44E7-BD5A-D2B5CAB2A79A}"
EndProject
Project("{9A19103F-16F7-4668-BE54-9A1E7A4F7556}") = "Day02_1", "Day02_1\Day02_1.csproj", "{B4DA84EA-07CD-4FFD-9F4A-0DC7DFF9A556}"
EndProject
Project("{9A19103F-16F7-4668-BE54-9A1E7A4F7556}") = "Day02_2", "Day02_2\Day02_2.csproj", "{F7DE3C10-AC4A-4A62-94F5-2AF1650AB0F4}"
EndProject
Project("{9A19103F-16F7-4668-BE54-9A1E7A4F7556}") = "Day03_1", "Day03_1\Day03_1.csproj", "{B83EB067-E525-4483-9AB1-7F63BC1BAE51}"
EndProject
Project("{9A19103F-16F7-4668-BE54-9A1E7A4F7556}") = "Day03_2", "Day03_2\Day03_2.csproj", "{0892F400-5E74-4429-8F83-BF6414CE5D67}"
EndProject
Project("{9A19103F-16F7-4668-BE54-9A1E7A4F7556}") = "Day04_1", "Day04_1\Day04_1.csproj", "{A4E25AB1-8F06-4403-9065-CBBD452DA8F2}"
EndProject
Project("{9A19103F-16F7-4668-BE54-9A1E7A4F7556}") = "Day04_2", "Day04_2\Day04_2.csproj", "{20BD8F4A-2B0C-4F7E-8CDB-D3220404378D}"
EndProject
Project("{9A19103F-16F7-4668-BE54-9A1E7A4F7556}") = "Day05_1", "Day05_1\Day05_1.csproj", "{77AD00D3-0BAD-4C41-9E84-ED5757EEA359}"
EndProject
Project("{9A19103F-16F7-4668-BE54-9A1E7A4F7556}") = "Day05_2", "Day05_2\Day05_2.csproj", "{8905FD62-3E44-4DC0-AF69-46D4E45EDD8D}"
EndProject
Project("{9A19103F-16F7-4668-BE54-9A1E7A4F7556}") = "Day06_1", "Day06_1\Day06_1.csproj", "{A044A77B-E2A6-4FAD-9C5B-E049B30B4BB4}"
EndProject
Project("{9A19103F-16F7-4668-BE54-9A1E7A4F7556}") = "Day06_2", "Day06_2\Day06_2.csproj", "{845695F4-5B8D-4F85-8643-EC10330BDA27}"
EndProject
Project("{9A19103F-16F7-4668-BE54-9A1E7A4F7556}") = "Day07_1", "Day07_1\Day07_1.csproj", "{96320BAF-A2B9-4E8E-9CB0-9E2866AD0364}"
EndProject
Project("{9A19103F-16F7-4668-BE54-9A1E7A4F7556}") = "Day07_2", "Day07_2\Day07_2.csproj", "{EA42FB29-3C11-4B33-9FD1-628D6D718DFA}"
EndProject
Project("{9A19103F-16F7-4668-BE54-9A1E7A4F7556}") = "Day08_1", "Day08_1\Day08_1.csproj", "{90F4888E-8942-4C4E-8304-48CB8C2F31FC}"
EndProject
Project("{9A19103F-16F7-4668-BE54-9A1E7A4F7556}") = "Day08_2", "Day08_2\Day08_2.csproj", "{428B3ECB-FDB9-4699-B968-9402BF00A3FF}"
EndProject
Project("{9A19103F-16F7-4668-BE54-9A1E7A4F7556}") = "Day09_1", "Day09_1\Day09_1.csproj", "{0087DACE-FA8F-477A-A200-C11057DB585E}"
EndProject
Project("{9A19103F-16F7-4668-BE54-9A1E7A4F7556}") = "Day09_2", "Day09_2\Day09_2.csproj", "{72CA65D7-22DA-4F29-93DD-1D3617CD515E}"
EndProject
Project("{9A19103F-16F7-4668-BE54-9A1E7A4F7556}") = "Tools", "Tools\Tools.csproj", "{42650222-67A6-4ECC-B087-72481897335E}"
EndProject
Project("{9A19103F-16F7-4668-BE54-9A1E7A4F7556}") = "Day10_1", "Day10_1\Day10_1.csproj", "{664F8AFC-5BCC-4A50-8192-D95D9BA73A03}"
EndProject
Project("{9A19103F-16F7-4668-BE54-9A1E7A4F7556}") = "Day10_2", "Day10_2\Day10_2.csproj", "{1DC58AB1-0FF3-4594-A5EE-425D2C1A68DA}"
EndProject
Project("{FAE04EC0-301F-11D3-BF4B-00C04F79EFBC}") = "Day11_1", "Day11_1\Day11_1.csproj", "{7683CE41-ECB1-4836-BEAF-BE269C15AE1D}"
EndProject
Project("{FAE04EC0-301F-11D3-BF4B-00C04F79EFBC}") = "Day11_2", "Day11_2\Day11_2.csproj", "{108356B3-49DA-40A6-9FE3-037B168A9CB9}"
EndProject
Global
	GlobalSection(SolutionConfigurationPlatforms) = preSolution
		Debug|Any CPU = Debug|Any CPU
		Release|Any CPU = Release|Any CPU
	EndGlobalSection
	GlobalSection(ProjectConfigurationPlatforms) = postSolution
		{17C94340-B793-4134-A36C-BFA1D1274EEA}.Debug|Any CPU.ActiveCfg = Debug|Any CPU
		{17C94340-B793-4134-A36C-BFA1D1274EEA}.Debug|Any CPU.Build.0 = Debug|Any CPU
		{17C94340-B793-4134-A36C-BFA1D1274EEA}.Release|Any CPU.ActiveCfg = Release|Any CPU
		{17C94340-B793-4134-A36C-BFA1D1274EEA}.Release|Any CPU.Build.0 = Release|Any CPU
		{C56499C2-9074-44E7-BD5A-D2B5CAB2A79A}.Debug|Any CPU.ActiveCfg = Debug|Any CPU
		{C56499C2-9074-44E7-BD5A-D2B5CAB2A79A}.Debug|Any CPU.Build.0 = Debug|Any CPU
		{C56499C2-9074-44E7-BD5A-D2B5CAB2A79A}.Release|Any CPU.ActiveCfg = Release|Any CPU
		{C56499C2-9074-44E7-BD5A-D2B5CAB2A79A}.Release|Any CPU.Build.0 = Release|Any CPU
		{B4DA84EA-07CD-4FFD-9F4A-0DC7DFF9A556}.Debug|Any CPU.ActiveCfg = Debug|Any CPU
		{B4DA84EA-07CD-4FFD-9F4A-0DC7DFF9A556}.Debug|Any CPU.Build.0 = Debug|Any CPU
		{B4DA84EA-07CD-4FFD-9F4A-0DC7DFF9A556}.Release|Any CPU.ActiveCfg = Release|Any CPU
		{B4DA84EA-07CD-4FFD-9F4A-0DC7DFF9A556}.Release|Any CPU.Build.0 = Release|Any CPU
		{F7DE3C10-AC4A-4A62-94F5-2AF1650AB0F4}.Debug|Any CPU.ActiveCfg = Debug|Any CPU
		{F7DE3C10-AC4A-4A62-94F5-2AF1650AB0F4}.Debug|Any CPU.Build.0 = Debug|Any CPU
		{F7DE3C10-AC4A-4A62-94F5-2AF1650AB0F4}.Release|Any CPU.ActiveCfg = Release|Any CPU
		{F7DE3C10-AC4A-4A62-94F5-2AF1650AB0F4}.Release|Any CPU.Build.0 = Release|Any CPU
		{B83EB067-E525-4483-9AB1-7F63BC1BAE51}.Debug|Any CPU.ActiveCfg = Debug|Any CPU
		{B83EB067-E525-4483-9AB1-7F63BC1BAE51}.Debug|Any CPU.Build.0 = Debug|Any CPU
		{B83EB067-E525-4483-9AB1-7F63BC1BAE51}.Release|Any CPU.ActiveCfg = Release|Any CPU
		{B83EB067-E525-4483-9AB1-7F63BC1BAE51}.Release|Any CPU.Build.0 = Release|Any CPU
		{0892F400-5E74-4429-8F83-BF6414CE5D67}.Debug|Any CPU.ActiveCfg = Debug|Any CPU
		{0892F400-5E74-4429-8F83-BF6414CE5D67}.Debug|Any CPU.Build.0 = Debug|Any CPU
		{0892F400-5E74-4429-8F83-BF6414CE5D67}.Release|Any CPU.ActiveCfg = Release|Any CPU
		{0892F400-5E74-4429-8F83-BF6414CE5D67}.Release|Any CPU.Build.0 = Release|Any CPU
		{A4E25AB1-8F06-4403-9065-CBBD452DA8F2}.Debug|Any CPU.ActiveCfg = Debug|Any CPU
		{A4E25AB1-8F06-4403-9065-CBBD452DA8F2}.Debug|Any CPU.Build.0 = Debug|Any CPU
		{A4E25AB1-8F06-4403-9065-CBBD452DA8F2}.Release|Any CPU.ActiveCfg = Release|Any CPU
		{A4E25AB1-8F06-4403-9065-CBBD452DA8F2}.Release|Any CPU.Build.0 = Release|Any CPU
		{20BD8F4A-2B0C-4F7E-8CDB-D3220404378D}.Debug|Any CPU.ActiveCfg = Debug|Any CPU
		{20BD8F4A-2B0C-4F7E-8CDB-D3220404378D}.Debug|Any CPU.Build.0 = Debug|Any CPU
		{20BD8F4A-2B0C-4F7E-8CDB-D3220404378D}.Release|Any CPU.ActiveCfg = Release|Any CPU
		{20BD8F4A-2B0C-4F7E-8CDB-D3220404378D}.Release|Any CPU.Build.0 = Release|Any CPU
		{77AD00D3-0BAD-4C41-9E84-ED5757EEA359}.Debug|Any CPU.ActiveCfg = Debug|Any CPU
		{77AD00D3-0BAD-4C41-9E84-ED5757EEA359}.Debug|Any CPU.Build.0 = Debug|Any CPU
		{77AD00D3-0BAD-4C41-9E84-ED5757EEA359}.Release|Any CPU.ActiveCfg = Release|Any CPU
		{77AD00D3-0BAD-4C41-9E84-ED5757EEA359}.Release|Any CPU.Build.0 = Release|Any CPU
		{8905FD62-3E44-4DC0-AF69-46D4E45EDD8D}.Debug|Any CPU.ActiveCfg = Debug|Any CPU
		{8905FD62-3E44-4DC0-AF69-46D4E45EDD8D}.Debug|Any CPU.Build.0 = Debug|Any CPU
		{8905FD62-3E44-4DC0-AF69-46D4E45EDD8D}.Release|Any CPU.ActiveCfg = Release|Any CPU
		{8905FD62-3E44-4DC0-AF69-46D4E45EDD8D}.Release|Any CPU.Build.0 = Release|Any CPU
		{A044A77B-E2A6-4FAD-9C5B-E049B30B4BB4}.Debug|Any CPU.ActiveCfg = Debug|Any CPU
		{A044A77B-E2A6-4FAD-9C5B-E049B30B4BB4}.Debug|Any CPU.Build.0 = Debug|Any CPU
		{A044A77B-E2A6-4FAD-9C5B-E049B30B4BB4}.Release|Any CPU.ActiveCfg = Release|Any CPU
		{A044A77B-E2A6-4FAD-9C5B-E049B30B4BB4}.Release|Any CPU.Build.0 = Release|Any CPU
		{845695F4-5B8D-4F85-8643-EC10330BDA27}.Debug|Any CPU.ActiveCfg = Debug|Any CPU
		{845695F4-5B8D-4F85-8643-EC10330BDA27}.Debug|Any CPU.Build.0 = Debug|Any CPU
		{845695F4-5B8D-4F85-8643-EC10330BDA27}.Release|Any CPU.ActiveCfg = Release|Any CPU
		{845695F4-5B8D-4F85-8643-EC10330BDA27}.Release|Any CPU.Build.0 = Release|Any CPU
		{96320BAF-A2B9-4E8E-9CB0-9E2866AD0364}.Debug|Any CPU.ActiveCfg = Debug|Any CPU
		{96320BAF-A2B9-4E8E-9CB0-9E2866AD0364}.Debug|Any CPU.Build.0 = Debug|Any CPU
		{96320BAF-A2B9-4E8E-9CB0-9E2866AD0364}.Release|Any CPU.ActiveCfg = Release|Any CPU
		{96320BAF-A2B9-4E8E-9CB0-9E2866AD0364}.Release|Any CPU.Build.0 = Release|Any CPU
		{EA42FB29-3C11-4B33-9FD1-628D6D718DFA}.Debug|Any CPU.ActiveCfg = Debug|Any CPU
		{EA42FB29-3C11-4B33-9FD1-628D6D718DFA}.Debug|Any CPU.Build.0 = Debug|Any CPU
		{EA42FB29-3C11-4B33-9FD1-628D6D718DFA}.Release|Any CPU.ActiveCfg = Release|Any CPU
		{EA42FB29-3C11-4B33-9FD1-628D6D718DFA}.Release|Any CPU.Build.0 = Release|Any CPU
		{90F4888E-8942-4C4E-8304-48CB8C2F31FC}.Debug|Any CPU.ActiveCfg = Debug|Any CPU
		{90F4888E-8942-4C4E-8304-48CB8C2F31FC}.Debug|Any CPU.Build.0 = Debug|Any CPU
		{90F4888E-8942-4C4E-8304-48CB8C2F31FC}.Release|Any CPU.ActiveCfg = Release|Any CPU
		{90F4888E-8942-4C4E-8304-48CB8C2F31FC}.Release|Any CPU.Build.0 = Release|Any CPU
		{428B3ECB-FDB9-4699-B968-9402BF00A3FF}.Debug|Any CPU.ActiveCfg = Debug|Any CPU
		{428B3ECB-FDB9-4699-B968-9402BF00A3FF}.Debug|Any CPU.Build.0 = Debug|Any CPU
		{428B3ECB-FDB9-4699-B968-9402BF00A3FF}.Release|Any CPU.ActiveCfg = Release|Any CPU
		{428B3ECB-FDB9-4699-B968-9402BF00A3FF}.Release|Any CPU.Build.0 = Release|Any CPU
		{0087DACE-FA8F-477A-A200-C11057DB585E}.Debug|Any CPU.ActiveCfg = Debug|Any CPU
		{0087DACE-FA8F-477A-A200-C11057DB585E}.Debug|Any CPU.Build.0 = Debug|Any CPU
		{0087DACE-FA8F-477A-A200-C11057DB585E}.Release|Any CPU.ActiveCfg = Release|Any CPU
		{0087DACE-FA8F-477A-A200-C11057DB585E}.Release|Any CPU.Build.0 = Release|Any CPU
		{72CA65D7-22DA-4F29-93DD-1D3617CD515E}.Debug|Any CPU.ActiveCfg = Debug|Any CPU
		{72CA65D7-22DA-4F29-93DD-1D3617CD515E}.Debug|Any CPU.Build.0 = Debug|Any CPU
		{72CA65D7-22DA-4F29-93DD-1D3617CD515E}.Release|Any CPU.ActiveCfg = Release|Any CPU
		{72CA65D7-22DA-4F29-93DD-1D3617CD515E}.Release|Any CPU.Build.0 = Release|Any CPU
		{42650222-67A6-4ECC-B087-72481897335E}.Debug|Any CPU.ActiveCfg = Debug|Any CPU
		{42650222-67A6-4ECC-B087-72481897335E}.Debug|Any CPU.Build.0 = Debug|Any CPU
		{42650222-67A6-4ECC-B087-72481897335E}.Release|Any CPU.ActiveCfg = Release|Any CPU
		{42650222-67A6-4ECC-B087-72481897335E}.Release|Any CPU.Build.0 = Release|Any CPU
		{664F8AFC-5BCC-4A50-8192-D95D9BA73A03}.Debug|Any CPU.ActiveCfg = Debug|Any CPU
		{664F8AFC-5BCC-4A50-8192-D95D9BA73A03}.Debug|Any CPU.Build.0 = Debug|Any CPU
		{664F8AFC-5BCC-4A50-8192-D95D9BA73A03}.Release|Any CPU.ActiveCfg = Release|Any CPU
		{664F8AFC-5BCC-4A50-8192-D95D9BA73A03}.Release|Any CPU.Build.0 = Release|Any CPU
		{1DC58AB1-0FF3-4594-A5EE-425D2C1A68DA}.Debug|Any CPU.ActiveCfg = Debug|Any CPU
		{1DC58AB1-0FF3-4594-A5EE-425D2C1A68DA}.Debug|Any CPU.Build.0 = Debug|Any CPU
		{1DC58AB1-0FF3-4594-A5EE-425D2C1A68DA}.Release|Any CPU.ActiveCfg = Release|Any CPU
		{1DC58AB1-0FF3-4594-A5EE-425D2C1A68DA}.Release|Any CPU.Build.0 = Release|Any CPU
		{7683CE41-ECB1-4836-BEAF-BE269C15AE1D}.Debug|Any CPU.ActiveCfg = Debug|Any CPU
		{7683CE41-ECB1-4836-BEAF-BE269C15AE1D}.Debug|Any CPU.Build.0 = Debug|Any CPU
		{7683CE41-ECB1-4836-BEAF-BE269C15AE1D}.Release|Any CPU.ActiveCfg = Release|Any CPU
		{7683CE41-ECB1-4836-BEAF-BE269C15AE1D}.Release|Any CPU.Build.0 = Release|Any CPU
		{108356B3-49DA-40A6-9FE3-037B168A9CB9}.Debug|Any CPU.ActiveCfg = Debug|Any CPU
		{108356B3-49DA-40A6-9FE3-037B168A9CB9}.Debug|Any CPU.Build.0 = Debug|Any CPU
		{108356B3-49DA-40A6-9FE3-037B168A9CB9}.Release|Any CPU.ActiveCfg = Release|Any CPU
		{108356B3-49DA-40A6-9FE3-037B168A9CB9}.Release|Any CPU.Build.0 = Release|Any CPU
	EndGlobalSection
	GlobalSection(SolutionProperties) = preSolution
		HideSolutionNode = FALSE
	EndGlobalSection
	GlobalSection(ExtensibilityGlobals) = postSolution
		SolutionGuid = {68C0198D-E79E-46F1-9D14-8064CFD87222}
	EndGlobalSection
EndGlobal
