
Microsoft Visual Studio Solution File, Format Version 12.00
# Visual Studio Version 17
VisualStudioVersion = 17.0.31919.166
MinimumVisualStudioVersion = 10.0.40219.1
Project("{9A19103F-16F7-4668-BE54-9A1E7A4F7556}") = "Day01_1", "Day01_1\Day01_1.csproj", "{17C94340-B793-4134-A36C-BFA1D1274EEA}"
EndProject
Project("{9A19103F-16F7-4668-BE54-9A1E7A4F7556}") = "Day01_2", "Day01_2\Day01_2.csproj", "{C56499C2-9074-44E7-BD5A-D2B5CAB2A79A}"
EndProject
Project("{9A19103F-16F7-4668-BE54-9A1E7A4F7556}") = "Day02_1", "Day02_1\Day02_1.csproj", "{B4DA84EA-07CD-4FFD-9F4A-0DC7DFF9A556}"
EndProject
Project("{9A19103F-16F7-4668-BE54-9A1E7A4F7556}") = "Day02_2", "Day02_2\Day02_2.csproj", "{F7DE3C10-AC4A-4A62-94F5-2AF1650AB0F4}"
EndProject
Project("{9A19103F-16F7-4668-BE54-9A1E7A4F7556}") = "Day03_1", "Day03_1\Day03_1.csproj", "{B83EB067-E525-4483-9AB1-7F63BC1BAE51}"
EndProject
Project("{FAE04EC0-301F-11D3-BF4B-00C04F79EFBC}") = "Day03_2", "Day03_2\Day03_2.csproj", "{0892F400-5E74-4429-8F83-BF6414CE5D67}"
EndProject
Global
	GlobalSection(SolutionConfigurationPlatforms) = preSolution
		Debug|Any CPU = Debug|Any CPU
		Release|Any CPU = Release|Any CPU
	EndGlobalSection
	GlobalSection(ProjectConfigurationPlatforms) = postSolution
		{17C94340-B793-4134-A36C-BFA1D1274EEA}.Debug|Any CPU.ActiveCfg = Debug|Any CPU
		{17C94340-B793-4134-A36C-BFA1D1274EEA}.Debug|Any CPU.Build.0 = Debug|Any CPU
		{17C94340-B793-4134-A36C-BFA1D1274EEA}.Release|Any CPU.ActiveCfg = Release|Any CPU
		{17C94340-B793-4134-A36C-BFA1D1274EEA}.Release|Any CPU.Build.0 = Release|Any CPU
		{C56499C2-9074-44E7-BD5A-D2B5CAB2A79A}.Debug|Any CPU.ActiveCfg = Debug|Any CPU
		{C56499C2-9074-44E7-BD5A-D2B5CAB2A79A}.Debug|Any CPU.Build.0 = Debug|Any CPU
		{C56499C2-9074-44E7-BD5A-D2B5CAB2A79A}.Release|Any CPU.ActiveCfg = Release|Any CPU
		{C56499C2-9074-44E7-BD5A-D2B5CAB2A79A}.Release|Any CPU.Build.0 = Release|Any CPU
		{B4DA84EA-07CD-4FFD-9F4A-0DC7DFF9A556}.Debug|Any CPU.ActiveCfg = Debug|Any CPU
		{B4DA84EA-07CD-4FFD-9F4A-0DC7DFF9A556}.Debug|Any CPU.Build.0 = Debug|Any CPU
		{B4DA84EA-07CD-4FFD-9F4A-0DC7DFF9A556}.Release|Any CPU.ActiveCfg = Release|Any CPU
		{B4DA84EA-07CD-4FFD-9F4A-0DC7DFF9A556}.Release|Any CPU.Build.0 = Release|Any CPU
		{F7DE3C10-AC4A-4A62-94F5-2AF1650AB0F4}.Debug|Any CPU.ActiveCfg = Debug|Any CPU
		{F7DE3C10-AC4A-4A62-94F5-2AF1650AB0F4}.Debug|Any CPU.Build.0 = Debug|Any CPU
		{F7DE3C10-AC4A-4A62-94F5-2AF1650AB0F4}.Release|Any CPU.ActiveCfg = Release|Any CPU
		{F7DE3C10-AC4A-4A62-94F5-2AF1650AB0F4}.Release|Any CPU.Build.0 = Release|Any CPU
		{B83EB067-E525-4483-9AB1-7F63BC1BAE51}.Debug|Any CPU.ActiveCfg = Debug|Any CPU
		{B83EB067-E525-4483-9AB1-7F63BC1BAE51}.Debug|Any CPU.Build.0 = Debug|Any CPU
		{B83EB067-E525-4483-9AB1-7F63BC1BAE51}.Release|Any CPU.ActiveCfg = Release|Any CPU
		{B83EB067-E525-4483-9AB1-7F63BC1BAE51}.Release|Any CPU.Build.0 = Release|Any CPU
		{0892F400-5E74-4429-8F83-BF6414CE5D67}.Debug|Any CPU.ActiveCfg = Debug|Any CPU
		{0892F400-5E74-4429-8F83-BF6414CE5D67}.Debug|Any CPU.Build.0 = Debug|Any CPU
		{0892F400-5E74-4429-8F83-BF6414CE5D67}.Release|Any CPU.ActiveCfg = Release|Any CPU
		{0892F400-5E74-4429-8F83-BF6414CE5D67}.Release|Any CPU.Build.0 = Release|Any CPU
	EndGlobalSection
	GlobalSection(SolutionProperties) = preSolution
		HideSolutionNode = FALSE
	EndGlobalSection
	GlobalSection(ExtensibilityGlobals) = postSolution
		SolutionGuid = {68C0198D-E79E-46F1-9D14-8064CFD87222}
	EndGlobalSection
EndGlobal
